
Microsoft Visual Studio Solution File, Format Version 12.00
# Visual Studio 15
VisualStudioVersion = 15.0.27703.2047
MinimumVisualStudioVersion = 10.0.40219.1
Project("{FAE04EC0-301F-11D3-BF4B-00C04F79EFBC}") = "ClasesAbstractas", "ClasesAbstractas\ClasesAbstractas.csproj", "{5B243D68-5E46-478F-B693-49E5B883C39F}"
EndProject
Project("{FAE04EC0-301F-11D3-BF4B-00C04F79EFBC}") = "Archivos", "Archivos\Archivos.csproj", "{729111F4-242C-4B8F-B254-DD98E26866DE}"
EndProject
Project("{FAE04EC0-301F-11D3-BF4B-00C04F79EFBC}") = "ClasesInstanciables", "ClasesInstanciables\ClasesInstanciables.csproj", "{CDA42F00-8C45-4A82-B14D-81A73671C000}"
EndProject
Project("{FAE04EC0-301F-11D3-BF4B-00C04F79EFBC}") = "Excepciones", "Excepciones\Excepciones.csproj", "{EDE722B6-09B1-483E-9CEA-00FEFA95EC36}"
EndProject
Project("{FAE04EC0-301F-11D3-BF4B-00C04F79EFBC}") = "Program", "Program\Program.csproj", "{73FEEA6A-EE5F-482D-A683-2DAD44E32351}"
EndProject
Project("{FAE04EC0-301F-11D3-BF4B-00C04F79EFBC}") = "Tests", "Tests\Tests.csproj", "{78814B73-104B-48EC-884B-ACBDA606FDD8}"
EndProject
Global
	GlobalSection(SolutionConfigurationPlatforms) = preSolution
		Debug|Any CPU = Debug|Any CPU
		Release|Any CPU = Release|Any CPU
	EndGlobalSection
	GlobalSection(ProjectConfigurationPlatforms) = postSolution
		{5B243D68-5E46-478F-B693-49E5B883C39F}.Debug|Any CPU.ActiveCfg = Debug|Any CPU
		{5B243D68-5E46-478F-B693-49E5B883C39F}.Debug|Any CPU.Build.0 = Debug|Any CPU
		{5B243D68-5E46-478F-B693-49E5B883C39F}.Release|Any CPU.ActiveCfg = Release|Any CPU
		{5B243D68-5E46-478F-B693-49E5B883C39F}.Release|Any CPU.Build.0 = Release|Any CPU
		{729111F4-242C-4B8F-B254-DD98E26866DE}.Debug|Any CPU.ActiveCfg = Debug|Any CPU
		{729111F4-242C-4B8F-B254-DD98E26866DE}.Debug|Any CPU.Build.0 = Debug|Any CPU
		{729111F4-242C-4B8F-B254-DD98E26866DE}.Release|Any CPU.ActiveCfg = Release|Any CPU
		{729111F4-242C-4B8F-B254-DD98E26866DE}.Release|Any CPU.Build.0 = Release|Any CPU
		{CDA42F00-8C45-4A82-B14D-81A73671C000}.Debug|Any CPU.ActiveCfg = Debug|Any CPU
		{CDA42F00-8C45-4A82-B14D-81A73671C000}.Debug|Any CPU.Build.0 = Debug|Any CPU
		{CDA42F00-8C45-4A82-B14D-81A73671C000}.Release|Any CPU.ActiveCfg = Release|Any CPU
		{CDA42F00-8C45-4A82-B14D-81A73671C000}.Release|Any CPU.Build.0 = Release|Any CPU
		{EDE722B6-09B1-483E-9CEA-00FEFA95EC36}.Debug|Any CPU.ActiveCfg = Debug|Any CPU
		{EDE722B6-09B1-483E-9CEA-00FEFA95EC36}.Debug|Any CPU.Build.0 = Debug|Any CPU
		{EDE722B6-09B1-483E-9CEA-00FEFA95EC36}.Release|Any CPU.ActiveCfg = Release|Any CPU
		{EDE722B6-09B1-483E-9CEA-00FEFA95EC36}.Release|Any CPU.Build.0 = Release|Any CPU
		{73FEEA6A-EE5F-482D-A683-2DAD44E32351}.Debug|Any CPU.ActiveCfg = Debug|Any CPU
		{73FEEA6A-EE5F-482D-A683-2DAD44E32351}.Debug|Any CPU.Build.0 = Debug|Any CPU
		{73FEEA6A-EE5F-482D-A683-2DAD44E32351}.Release|Any CPU.ActiveCfg = Release|Any CPU
		{73FEEA6A-EE5F-482D-A683-2DAD44E32351}.Release|Any CPU.Build.0 = Release|Any CPU
		{78814B73-104B-48EC-884B-ACBDA606FDD8}.Debug|Any CPU.ActiveCfg = Debug|Any CPU
		{78814B73-104B-48EC-884B-ACBDA606FDD8}.Debug|Any CPU.Build.0 = Debug|Any CPU
		{78814B73-104B-48EC-884B-ACBDA606FDD8}.Release|Any CPU.ActiveCfg = Release|Any CPU
		{78814B73-104B-48EC-884B-ACBDA606FDD8}.Release|Any CPU.Build.0 = Release|Any CPU
	EndGlobalSection
	GlobalSection(SolutionProperties) = preSolution
		HideSolutionNode = FALSE
	EndGlobalSection
	GlobalSection(ExtensibilityGlobals) = postSolution
		SolutionGuid = {D24E10B5-828D-4DEA-9F55-1DE743249C9A}
	EndGlobalSection
EndGlobal
